
Microsoft Visual Studio Solution File, Format Version 12.00
# Visual Studio 15
VisualStudioVersion = 15.0.26124.0
MinimumVisualStudioVersion = 15.0.26124.0
Project("{FAE04EC0-301F-11D3-BF4B-00C04F79EFBC}") = "Penguin.Cms.Email.Repositories.Local", "Penguin.Cms.Email.Repositories.Local.csproj", "{633184EF-C70F-42C1-BC23-9BB0E05D587D}"
EndProject
Project("{FAE04EC0-301F-11D3-BF4B-00C04F79EFBC}") = "Penguin.Cms.Email.Local", "..\Penguin.Cms.Email\Penguin.Cms.Email.Local.csproj", "{9060C977-6F58-4953-893A-83EA3C69589C}"
EndProject
Project("{FAE04EC0-301F-11D3-BF4B-00C04F79EFBC}") = "Penguin.Cms.Abstractions.Local", "..\Penguin.Cms.Abstractions\Penguin.Cms.Abstractions.Local.csproj", "{7437590F-E9DD-4179-BDBB-F8E05552670C}"
EndProject
Project("{FAE04EC0-301F-11D3-BF4B-00C04F79EFBC}") = "Penguin.DependencyInjection.Abstractions.Local", "..\Penguin.DependencyInjection.Abstractions\Penguin.DependencyInjection.Abstractions.Local.csproj", "{6E823B2C-D269-464F-8238-64E5A910A968}"
EndProject
Project("{FAE04EC0-301F-11D3-BF4B-00C04F79EFBC}") = "Penguin.Persistence.Abstractions.Local", "..\Penguin.Persistence.Abstractions\Penguin.Persistence.Abstractions.Local.csproj", "{2C90E128-C853-4CBC-8469-94F524B3416F}"
EndProject
Project("{FAE04EC0-301F-11D3-BF4B-00C04F79EFBC}") = "Penguin.Entities.Abstractions.Local", "..\Penguin.Entities.Abstractions\Penguin.Entities.Abstractions.Local.csproj", "{E6D464D3-E7B3-4E76-A919-8F2AF9C6A6DE}"
EndProject
Project("{FAE04EC0-301F-11D3-BF4B-00C04F79EFBC}") = "Penguin.Reflection.Extensions.Local", "..\Penguin.Reflection.Extensions\Penguin.Reflection.Extensions.Local.csproj", "{7B2C968E-C8F5-4124-A16D-CA78EEA6045F}"
EndProject
Project("{FAE04EC0-301F-11D3-BF4B-00C04F79EFBC}") = "Penguin.Extensions.String.Local", "..\Penguin.Extensions.String\Penguin.Extensions.String.Local.csproj", "{10E742D4-022B-4B93-AA1F-EC5FB8AF944B}"
EndProject
Project("{FAE04EC0-301F-11D3-BF4B-00C04F79EFBC}") = "Penguin.Reflection.Abstractions.Local", "..\Penguin.Reflection.Abstractions\Penguin.Reflection.Abstractions.Local.csproj", "{9B6598FB-A8BE-48FD-BAC6-5917A9440791}"
EndProject
Project("{FAE04EC0-301F-11D3-BF4B-00C04F79EFBC}") = "Penguin.Cms.Email.Abstractions.Local", "..\Penguin.Cms.Email.Abstractions\Penguin.Cms.Email.Abstractions.Local.csproj", "{1CB41866-502B-481B-B933-C8269F0EC50B}"
EndProject
Project("{FAE04EC0-301F-11D3-BF4B-00C04F79EFBC}") = "Penguin.Email.Abstractions.Local", "..\Penguin.Email.Abstractions\Penguin.Email.Abstractions.Local.csproj", "{C4ADADF2-03B3-41B4-9418-3CA872E566D5}"
EndProject
Project("{FAE04EC0-301F-11D3-BF4B-00C04F79EFBC}") = "Penguin.Files.Abstractions.Local", "..\Penguin.Files.Abstractions\Penguin.Files.Abstractions.Local.csproj", "{751D7B4E-9E7C-497B-BAF7-FB2B06124518}"
EndProject
Project("{FAE04EC0-301F-11D3-BF4B-00C04F79EFBC}") = "Penguin.Cms.Files.Local", "..\Penguin.Cms.Files\Penguin.Cms.Files.Local.csproj", "{9E6F0D57-074B-4F96-8DCF-A17F93AF408D}"
EndProject
Project("{FAE04EC0-301F-11D3-BF4B-00C04F79EFBC}") = "Penguin.Cms.Entities.Local", "..\Penguin.Cms.Entities\Penguin.Cms.Entities.Local.csproj", "{15771E4C-102F-46FE-B965-34AB922ED6ED}"
EndProject
Project("{FAE04EC0-301F-11D3-BF4B-00C04F79EFBC}") = "Penguin.Configuration.Abstractions.Local", "..\Penguin.Configuration.Abstractions\Penguin.Configuration.Abstractions.Local.csproj", "{A39C4980-561D-4F52-83E0-3801D3549C51}"
EndProject
Project("{FAE04EC0-301F-11D3-BF4B-00C04F79EFBC}") = "Penguin.Email.Local", "..\Penguin.Email\Penguin.Email.Local.csproj", "{096FA163-486E-47D4-A686-125123D02B00}"
EndProject
Project("{FAE04EC0-301F-11D3-BF4B-00C04F79EFBC}") = "Penguin.Web.Data.Local", "..\Penguin.Web.Data\Penguin.Web.Data.Local.csproj", "{3EB65677-338D-4333-B5C7-5824CFBB1D29}"
EndProject
Project("{FAE04EC0-301F-11D3-BF4B-00C04F79EFBC}") = "Penguin.Cms.Repositories.Local", "..\Penguin.Cms.Repositories\Penguin.Cms.Repositories.Local.csproj", "{49638999-77B9-4F89-9C0B-75416B5E2157}"
EndProject
Project("{FAE04EC0-301F-11D3-BF4B-00C04F79EFBC}") = "Penguin.Messaging.Core.Local", "..\Penguin.Messaging.Core\Penguin.Messaging.Core.Local.csproj", "{5DE368E1-4BCE-45BC-AAE2-0C800DCE4A50}"
EndProject
Project("{FAE04EC0-301F-11D3-BF4B-00C04F79EFBC}") = "Penguin.Debugging.Local", "..\Penguin.Debugging\Penguin.Debugging.Local.csproj", "{6F06AB73-8FDA-4036-BEB3-81075C603414}"
EndProject
Project("{FAE04EC0-301F-11D3-BF4B-00C04F79EFBC}") = "Penguin.Extensions.Exceptions.Local", "..\Penguin.Extensions.Exceptions\Penguin.Extensions.Exceptions.Local.csproj", "{0EEB94C4-FE7B-4566-8F98-0877E20B641A}"
EndProject
Project("{FAE04EC0-301F-11D3-BF4B-00C04F79EFBC}") = "Penguin.Messaging.Abstractions.Local", "..\Penguin.Messaging.Abstractions\Penguin.Messaging.Abstractions.Local.csproj", "{6B69CB5B-0662-44F4-A0A8-E6A1A349A2F0}"
EndProject
Project("{FAE04EC0-301F-11D3-BF4B-00C04F79EFBC}") = "Penguin.Persistence.Repositories.Local", "..\Penguin.Persistence.Repositories\Penguin.Persistence.Repositories.Local.csproj", "{E97727DA-E90F-484A-849C-5FF931BEEF5A}"
EndProject
Project("{FAE04EC0-301F-11D3-BF4B-00C04F79EFBC}") = "Penguin.Messaging.Persistence.Local", "..\Penguin.Messaging.Persistence\Penguin.Messaging.Persistence.Local.csproj", "{3895BDF4-947B-403A-8EDE-D746955C28BA}"
EndProject
Project("{FAE04EC0-301F-11D3-BF4B-00C04F79EFBC}") = "Penguin.Reflection.Local", "..\Penguin.Reflection\Penguin.Reflection.Local.csproj", "{D65AC58A-C05F-4C18-9F36-5CFB3006D2E5}"
EndProject
Project("{FAE04EC0-301F-11D3-BF4B-00C04F79EFBC}") = "Penguin.Persistence.Database.Local", "..\Penguin.Persistence.Database\Penguin.Persistence.Database.Local.csproj", "{F96C2B76-316F-4A9D-814C-82CD6E27F2A6}"
EndProject
Project("{FAE04EC0-301F-11D3-BF4B-00C04F79EFBC}") = "Penguin.Threading.BackgroundWorker.Local", "..\Penguin.Threading.BackgroundWorker\Penguin.Threading.BackgroundWorker.Local.csproj", "{026F4154-3B16-49BC-A536-6FA95D97D277}"
EndProject
Global
	GlobalSection(SolutionConfigurationPlatforms) = preSolution
		Debug|Any CPU = Debug|Any CPU
		Debug|x64 = Debug|x64
		Debug|x86 = Debug|x86
		Release|Any CPU = Release|Any CPU
		Release|x64 = Release|x64
		Release|x86 = Release|x86
	EndGlobalSection
	GlobalSection(SolutionProperties) = preSolution
		HideSolutionNode = FALSE
	EndGlobalSection
	GlobalSection(ProjectConfigurationPlatforms) = postSolution
		{633184EF-C70F-42C1-BC23-9BB0E05D587D}.Debug|Any CPU.ActiveCfg = Debug|Any CPU
		{633184EF-C70F-42C1-BC23-9BB0E05D587D}.Debug|Any CPU.Build.0 = Debug|Any CPU
		{633184EF-C70F-42C1-BC23-9BB0E05D587D}.Debug|x64.ActiveCfg = Debug|Any CPU
		{633184EF-C70F-42C1-BC23-9BB0E05D587D}.Debug|x64.Build.0 = Debug|Any CPU
		{633184EF-C70F-42C1-BC23-9BB0E05D587D}.Debug|x86.ActiveCfg = Debug|Any CPU
		{633184EF-C70F-42C1-BC23-9BB0E05D587D}.Debug|x86.Build.0 = Debug|Any CPU
		{633184EF-C70F-42C1-BC23-9BB0E05D587D}.Release|Any CPU.ActiveCfg = Release|Any CPU
		{633184EF-C70F-42C1-BC23-9BB0E05D587D}.Release|Any CPU.Build.0 = Release|Any CPU
		{633184EF-C70F-42C1-BC23-9BB0E05D587D}.Release|x64.ActiveCfg = Release|Any CPU
		{633184EF-C70F-42C1-BC23-9BB0E05D587D}.Release|x64.Build.0 = Release|Any CPU
		{633184EF-C70F-42C1-BC23-9BB0E05D587D}.Release|x86.ActiveCfg = Release|Any CPU
		{633184EF-C70F-42C1-BC23-9BB0E05D587D}.Release|x86.Build.0 = Release|Any CPU
		{9060C977-6F58-4953-893A-83EA3C69589C}.Debug|Any CPU.ActiveCfg = Debug|Any CPU
		{9060C977-6F58-4953-893A-83EA3C69589C}.Debug|Any CPU.Build.0 = Debug|Any CPU
		{9060C977-6F58-4953-893A-83EA3C69589C}.Debug|x64.ActiveCfg = Debug|Any CPU
		{9060C977-6F58-4953-893A-83EA3C69589C}.Debug|x64.Build.0 = Debug|Any CPU
		{9060C977-6F58-4953-893A-83EA3C69589C}.Debug|x86.ActiveCfg = Debug|Any CPU
		{9060C977-6F58-4953-893A-83EA3C69589C}.Debug|x86.Build.0 = Debug|Any CPU
		{9060C977-6F58-4953-893A-83EA3C69589C}.Release|Any CPU.ActiveCfg = Release|Any CPU
		{9060C977-6F58-4953-893A-83EA3C69589C}.Release|Any CPU.Build.0 = Release|Any CPU
		{9060C977-6F58-4953-893A-83EA3C69589C}.Release|x64.ActiveCfg = Release|Any CPU
		{9060C977-6F58-4953-893A-83EA3C69589C}.Release|x64.Build.0 = Release|Any CPU
		{9060C977-6F58-4953-893A-83EA3C69589C}.Release|x86.ActiveCfg = Release|Any CPU
		{9060C977-6F58-4953-893A-83EA3C69589C}.Release|x86.Build.0 = Release|Any CPU
		{7437590F-E9DD-4179-BDBB-F8E05552670C}.Debug|Any CPU.ActiveCfg = Debug|Any CPU
		{7437590F-E9DD-4179-BDBB-F8E05552670C}.Debug|Any CPU.Build.0 = Debug|Any CPU
		{7437590F-E9DD-4179-BDBB-F8E05552670C}.Debug|x64.ActiveCfg = Debug|Any CPU
		{7437590F-E9DD-4179-BDBB-F8E05552670C}.Debug|x64.Build.0 = Debug|Any CPU
		{7437590F-E9DD-4179-BDBB-F8E05552670C}.Debug|x86.ActiveCfg = Debug|Any CPU
		{7437590F-E9DD-4179-BDBB-F8E05552670C}.Debug|x86.Build.0 = Debug|Any CPU
		{7437590F-E9DD-4179-BDBB-F8E05552670C}.Release|Any CPU.ActiveCfg = Release|Any CPU
		{7437590F-E9DD-4179-BDBB-F8E05552670C}.Release|Any CPU.Build.0 = Release|Any CPU
		{7437590F-E9DD-4179-BDBB-F8E05552670C}.Release|x64.ActiveCfg = Release|Any CPU
		{7437590F-E9DD-4179-BDBB-F8E05552670C}.Release|x64.Build.0 = Release|Any CPU
		{7437590F-E9DD-4179-BDBB-F8E05552670C}.Release|x86.ActiveCfg = Release|Any CPU
		{7437590F-E9DD-4179-BDBB-F8E05552670C}.Release|x86.Build.0 = Release|Any CPU
		{6E823B2C-D269-464F-8238-64E5A910A968}.Debug|Any CPU.ActiveCfg = Debug|Any CPU
		{6E823B2C-D269-464F-8238-64E5A910A968}.Debug|Any CPU.Build.0 = Debug|Any CPU
		{6E823B2C-D269-464F-8238-64E5A910A968}.Debug|x64.ActiveCfg = Debug|Any CPU
		{6E823B2C-D269-464F-8238-64E5A910A968}.Debug|x64.Build.0 = Debug|Any CPU
		{6E823B2C-D269-464F-8238-64E5A910A968}.Debug|x86.ActiveCfg = Debug|Any CPU
		{6E823B2C-D269-464F-8238-64E5A910A968}.Debug|x86.Build.0 = Debug|Any CPU
		{6E823B2C-D269-464F-8238-64E5A910A968}.Release|Any CPU.ActiveCfg = Release|Any CPU
		{6E823B2C-D269-464F-8238-64E5A910A968}.Release|Any CPU.Build.0 = Release|Any CPU
		{6E823B2C-D269-464F-8238-64E5A910A968}.Release|x64.ActiveCfg = Release|Any CPU
		{6E823B2C-D269-464F-8238-64E5A910A968}.Release|x64.Build.0 = Release|Any CPU
		{6E823B2C-D269-464F-8238-64E5A910A968}.Release|x86.ActiveCfg = Release|Any CPU
		{6E823B2C-D269-464F-8238-64E5A910A968}.Release|x86.Build.0 = Release|Any CPU
		{2C90E128-C853-4CBC-8469-94F524B3416F}.Debug|Any CPU.ActiveCfg = Debug|Any CPU
		{2C90E128-C853-4CBC-8469-94F524B3416F}.Debug|Any CPU.Build.0 = Debug|Any CPU
		{2C90E128-C853-4CBC-8469-94F524B3416F}.Debug|x64.ActiveCfg = Debug|Any CPU
		{2C90E128-C853-4CBC-8469-94F524B3416F}.Debug|x64.Build.0 = Debug|Any CPU
		{2C90E128-C853-4CBC-8469-94F524B3416F}.Debug|x86.ActiveCfg = Debug|Any CPU
		{2C90E128-C853-4CBC-8469-94F524B3416F}.Debug|x86.Build.0 = Debug|Any CPU
		{2C90E128-C853-4CBC-8469-94F524B3416F}.Release|Any CPU.ActiveCfg = Release|Any CPU
		{2C90E128-C853-4CBC-8469-94F524B3416F}.Release|Any CPU.Build.0 = Release|Any CPU
		{2C90E128-C853-4CBC-8469-94F524B3416F}.Release|x64.ActiveCfg = Release|Any CPU
		{2C90E128-C853-4CBC-8469-94F524B3416F}.Release|x64.Build.0 = Release|Any CPU
		{2C90E128-C853-4CBC-8469-94F524B3416F}.Release|x86.ActiveCfg = Release|Any CPU
		{2C90E128-C853-4CBC-8469-94F524B3416F}.Release|x86.Build.0 = Release|Any CPU
		{E6D464D3-E7B3-4E76-A919-8F2AF9C6A6DE}.Debug|Any CPU.ActiveCfg = Debug|Any CPU
		{E6D464D3-E7B3-4E76-A919-8F2AF9C6A6DE}.Debug|Any CPU.Build.0 = Debug|Any CPU
		{E6D464D3-E7B3-4E76-A919-8F2AF9C6A6DE}.Debug|x64.ActiveCfg = Debug|Any CPU
		{E6D464D3-E7B3-4E76-A919-8F2AF9C6A6DE}.Debug|x64.Build.0 = Debug|Any CPU
		{E6D464D3-E7B3-4E76-A919-8F2AF9C6A6DE}.Debug|x86.ActiveCfg = Debug|Any CPU
		{E6D464D3-E7B3-4E76-A919-8F2AF9C6A6DE}.Debug|x86.Build.0 = Debug|Any CPU
		{E6D464D3-E7B3-4E76-A919-8F2AF9C6A6DE}.Release|Any CPU.ActiveCfg = Release|Any CPU
		{E6D464D3-E7B3-4E76-A919-8F2AF9C6A6DE}.Release|Any CPU.Build.0 = Release|Any CPU
		{E6D464D3-E7B3-4E76-A919-8F2AF9C6A6DE}.Release|x64.ActiveCfg = Release|Any CPU
		{E6D464D3-E7B3-4E76-A919-8F2AF9C6A6DE}.Release|x64.Build.0 = Release|Any CPU
		{E6D464D3-E7B3-4E76-A919-8F2AF9C6A6DE}.Release|x86.ActiveCfg = Release|Any CPU
		{E6D464D3-E7B3-4E76-A919-8F2AF9C6A6DE}.Release|x86.Build.0 = Release|Any CPU
		{7B2C968E-C8F5-4124-A16D-CA78EEA6045F}.Debug|Any CPU.ActiveCfg = Debug|Any CPU
		{7B2C968E-C8F5-4124-A16D-CA78EEA6045F}.Debug|Any CPU.Build.0 = Debug|Any CPU
		{7B2C968E-C8F5-4124-A16D-CA78EEA6045F}.Debug|x64.ActiveCfg = Debug|Any CPU
		{7B2C968E-C8F5-4124-A16D-CA78EEA6045F}.Debug|x64.Build.0 = Debug|Any CPU
		{7B2C968E-C8F5-4124-A16D-CA78EEA6045F}.Debug|x86.ActiveCfg = Debug|Any CPU
		{7B2C968E-C8F5-4124-A16D-CA78EEA6045F}.Debug|x86.Build.0 = Debug|Any CPU
		{7B2C968E-C8F5-4124-A16D-CA78EEA6045F}.Release|Any CPU.ActiveCfg = Release|Any CPU
		{7B2C968E-C8F5-4124-A16D-CA78EEA6045F}.Release|Any CPU.Build.0 = Release|Any CPU
		{7B2C968E-C8F5-4124-A16D-CA78EEA6045F}.Release|x64.ActiveCfg = Release|Any CPU
		{7B2C968E-C8F5-4124-A16D-CA78EEA6045F}.Release|x64.Build.0 = Release|Any CPU
		{7B2C968E-C8F5-4124-A16D-CA78EEA6045F}.Release|x86.ActiveCfg = Release|Any CPU
		{7B2C968E-C8F5-4124-A16D-CA78EEA6045F}.Release|x86.Build.0 = Release|Any CPU
		{10E742D4-022B-4B93-AA1F-EC5FB8AF944B}.Debug|Any CPU.ActiveCfg = Debug|Any CPU
		{10E742D4-022B-4B93-AA1F-EC5FB8AF944B}.Debug|Any CPU.Build.0 = Debug|Any CPU
		{10E742D4-022B-4B93-AA1F-EC5FB8AF944B}.Debug|x64.ActiveCfg = Debug|Any CPU
		{10E742D4-022B-4B93-AA1F-EC5FB8AF944B}.Debug|x64.Build.0 = Debug|Any CPU
		{10E742D4-022B-4B93-AA1F-EC5FB8AF944B}.Debug|x86.ActiveCfg = Debug|Any CPU
		{10E742D4-022B-4B93-AA1F-EC5FB8AF944B}.Debug|x86.Build.0 = Debug|Any CPU
		{10E742D4-022B-4B93-AA1F-EC5FB8AF944B}.Release|Any CPU.ActiveCfg = Release|Any CPU
		{10E742D4-022B-4B93-AA1F-EC5FB8AF944B}.Release|Any CPU.Build.0 = Release|Any CPU
		{10E742D4-022B-4B93-AA1F-EC5FB8AF944B}.Release|x64.ActiveCfg = Release|Any CPU
		{10E742D4-022B-4B93-AA1F-EC5FB8AF944B}.Release|x64.Build.0 = Release|Any CPU
		{10E742D4-022B-4B93-AA1F-EC5FB8AF944B}.Release|x86.ActiveCfg = Release|Any CPU
		{10E742D4-022B-4B93-AA1F-EC5FB8AF944B}.Release|x86.Build.0 = Release|Any CPU
		{9B6598FB-A8BE-48FD-BAC6-5917A9440791}.Debug|Any CPU.ActiveCfg = Debug|Any CPU
		{9B6598FB-A8BE-48FD-BAC6-5917A9440791}.Debug|Any CPU.Build.0 = Debug|Any CPU
		{9B6598FB-A8BE-48FD-BAC6-5917A9440791}.Debug|x64.ActiveCfg = Debug|Any CPU
		{9B6598FB-A8BE-48FD-BAC6-5917A9440791}.Debug|x64.Build.0 = Debug|Any CPU
		{9B6598FB-A8BE-48FD-BAC6-5917A9440791}.Debug|x86.ActiveCfg = Debug|Any CPU
		{9B6598FB-A8BE-48FD-BAC6-5917A9440791}.Debug|x86.Build.0 = Debug|Any CPU
		{9B6598FB-A8BE-48FD-BAC6-5917A9440791}.Release|Any CPU.ActiveCfg = Release|Any CPU
		{9B6598FB-A8BE-48FD-BAC6-5917A9440791}.Release|Any CPU.Build.0 = Release|Any CPU
		{9B6598FB-A8BE-48FD-BAC6-5917A9440791}.Release|x64.ActiveCfg = Release|Any CPU
		{9B6598FB-A8BE-48FD-BAC6-5917A9440791}.Release|x64.Build.0 = Release|Any CPU
		{9B6598FB-A8BE-48FD-BAC6-5917A9440791}.Release|x86.ActiveCfg = Release|Any CPU
		{9B6598FB-A8BE-48FD-BAC6-5917A9440791}.Release|x86.Build.0 = Release|Any CPU
		{1CB41866-502B-481B-B933-C8269F0EC50B}.Debug|Any CPU.ActiveCfg = Debug|Any CPU
		{1CB41866-502B-481B-B933-C8269F0EC50B}.Debug|Any CPU.Build.0 = Debug|Any CPU
		{1CB41866-502B-481B-B933-C8269F0EC50B}.Debug|x64.ActiveCfg = Debug|Any CPU
		{1CB41866-502B-481B-B933-C8269F0EC50B}.Debug|x64.Build.0 = Debug|Any CPU
		{1CB41866-502B-481B-B933-C8269F0EC50B}.Debug|x86.ActiveCfg = Debug|Any CPU
		{1CB41866-502B-481B-B933-C8269F0EC50B}.Debug|x86.Build.0 = Debug|Any CPU
		{1CB41866-502B-481B-B933-C8269F0EC50B}.Release|Any CPU.ActiveCfg = Release|Any CPU
		{1CB41866-502B-481B-B933-C8269F0EC50B}.Release|Any CPU.Build.0 = Release|Any CPU
		{1CB41866-502B-481B-B933-C8269F0EC50B}.Release|x64.ActiveCfg = Release|Any CPU
		{1CB41866-502B-481B-B933-C8269F0EC50B}.Release|x64.Build.0 = Release|Any CPU
		{1CB41866-502B-481B-B933-C8269F0EC50B}.Release|x86.ActiveCfg = Release|Any CPU
		{1CB41866-502B-481B-B933-C8269F0EC50B}.Release|x86.Build.0 = Release|Any CPU
		{C4ADADF2-03B3-41B4-9418-3CA872E566D5}.Debug|Any CPU.ActiveCfg = Debug|Any CPU
		{C4ADADF2-03B3-41B4-9418-3CA872E566D5}.Debug|Any CPU.Build.0 = Debug|Any CPU
		{C4ADADF2-03B3-41B4-9418-3CA872E566D5}.Debug|x64.ActiveCfg = Debug|Any CPU
		{C4ADADF2-03B3-41B4-9418-3CA872E566D5}.Debug|x64.Build.0 = Debug|Any CPU
		{C4ADADF2-03B3-41B4-9418-3CA872E566D5}.Debug|x86.ActiveCfg = Debug|Any CPU
		{C4ADADF2-03B3-41B4-9418-3CA872E566D5}.Debug|x86.Build.0 = Debug|Any CPU
		{C4ADADF2-03B3-41B4-9418-3CA872E566D5}.Release|Any CPU.ActiveCfg = Release|Any CPU
		{C4ADADF2-03B3-41B4-9418-3CA872E566D5}.Release|Any CPU.Build.0 = Release|Any CPU
		{C4ADADF2-03B3-41B4-9418-3CA872E566D5}.Release|x64.ActiveCfg = Release|Any CPU
		{C4ADADF2-03B3-41B4-9418-3CA872E566D5}.Release|x64.Build.0 = Release|Any CPU
		{C4ADADF2-03B3-41B4-9418-3CA872E566D5}.Release|x86.ActiveCfg = Release|Any CPU
		{C4ADADF2-03B3-41B4-9418-3CA872E566D5}.Release|x86.Build.0 = Release|Any CPU
		{751D7B4E-9E7C-497B-BAF7-FB2B06124518}.Debug|Any CPU.ActiveCfg = Debug|Any CPU
		{751D7B4E-9E7C-497B-BAF7-FB2B06124518}.Debug|Any CPU.Build.0 = Debug|Any CPU
		{751D7B4E-9E7C-497B-BAF7-FB2B06124518}.Debug|x64.ActiveCfg = Debug|Any CPU
		{751D7B4E-9E7C-497B-BAF7-FB2B06124518}.Debug|x64.Build.0 = Debug|Any CPU
		{751D7B4E-9E7C-497B-BAF7-FB2B06124518}.Debug|x86.ActiveCfg = Debug|Any CPU
		{751D7B4E-9E7C-497B-BAF7-FB2B06124518}.Debug|x86.Build.0 = Debug|Any CPU
		{751D7B4E-9E7C-497B-BAF7-FB2B06124518}.Release|Any CPU.ActiveCfg = Release|Any CPU
		{751D7B4E-9E7C-497B-BAF7-FB2B06124518}.Release|Any CPU.Build.0 = Release|Any CPU
		{751D7B4E-9E7C-497B-BAF7-FB2B06124518}.Release|x64.ActiveCfg = Release|Any CPU
		{751D7B4E-9E7C-497B-BAF7-FB2B06124518}.Release|x64.Build.0 = Release|Any CPU
		{751D7B4E-9E7C-497B-BAF7-FB2B06124518}.Release|x86.ActiveCfg = Release|Any CPU
		{751D7B4E-9E7C-497B-BAF7-FB2B06124518}.Release|x86.Build.0 = Release|Any CPU
		{9E6F0D57-074B-4F96-8DCF-A17F93AF408D}.Debug|Any CPU.ActiveCfg = Debug|Any CPU
		{9E6F0D57-074B-4F96-8DCF-A17F93AF408D}.Debug|Any CPU.Build.0 = Debug|Any CPU
		{9E6F0D57-074B-4F96-8DCF-A17F93AF408D}.Debug|x64.ActiveCfg = Debug|Any CPU
		{9E6F0D57-074B-4F96-8DCF-A17F93AF408D}.Debug|x64.Build.0 = Debug|Any CPU
		{9E6F0D57-074B-4F96-8DCF-A17F93AF408D}.Debug|x86.ActiveCfg = Debug|Any CPU
		{9E6F0D57-074B-4F96-8DCF-A17F93AF408D}.Debug|x86.Build.0 = Debug|Any CPU
		{9E6F0D57-074B-4F96-8DCF-A17F93AF408D}.Release|Any CPU.ActiveCfg = Release|Any CPU
		{9E6F0D57-074B-4F96-8DCF-A17F93AF408D}.Release|Any CPU.Build.0 = Release|Any CPU
		{9E6F0D57-074B-4F96-8DCF-A17F93AF408D}.Release|x64.ActiveCfg = Release|Any CPU
		{9E6F0D57-074B-4F96-8DCF-A17F93AF408D}.Release|x64.Build.0 = Release|Any CPU
		{9E6F0D57-074B-4F96-8DCF-A17F93AF408D}.Release|x86.ActiveCfg = Release|Any CPU
		{9E6F0D57-074B-4F96-8DCF-A17F93AF408D}.Release|x86.Build.0 = Release|Any CPU
		{15771E4C-102F-46FE-B965-34AB922ED6ED}.Debug|Any CPU.ActiveCfg = Debug|Any CPU
		{15771E4C-102F-46FE-B965-34AB922ED6ED}.Debug|Any CPU.Build.0 = Debug|Any CPU
		{15771E4C-102F-46FE-B965-34AB922ED6ED}.Debug|x64.ActiveCfg = Debug|Any CPU
		{15771E4C-102F-46FE-B965-34AB922ED6ED}.Debug|x64.Build.0 = Debug|Any CPU
		{15771E4C-102F-46FE-B965-34AB922ED6ED}.Debug|x86.ActiveCfg = Debug|Any CPU
		{15771E4C-102F-46FE-B965-34AB922ED6ED}.Debug|x86.Build.0 = Debug|Any CPU
		{15771E4C-102F-46FE-B965-34AB922ED6ED}.Release|Any CPU.ActiveCfg = Release|Any CPU
		{15771E4C-102F-46FE-B965-34AB922ED6ED}.Release|Any CPU.Build.0 = Release|Any CPU
		{15771E4C-102F-46FE-B965-34AB922ED6ED}.Release|x64.ActiveCfg = Release|Any CPU
		{15771E4C-102F-46FE-B965-34AB922ED6ED}.Release|x64.Build.0 = Release|Any CPU
		{15771E4C-102F-46FE-B965-34AB922ED6ED}.Release|x86.ActiveCfg = Release|Any CPU
		{15771E4C-102F-46FE-B965-34AB922ED6ED}.Release|x86.Build.0 = Release|Any CPU
		{A39C4980-561D-4F52-83E0-3801D3549C51}.Debug|Any CPU.ActiveCfg = Debug|Any CPU
		{A39C4980-561D-4F52-83E0-3801D3549C51}.Debug|Any CPU.Build.0 = Debug|Any CPU
		{A39C4980-561D-4F52-83E0-3801D3549C51}.Debug|x64.ActiveCfg = Debug|Any CPU
		{A39C4980-561D-4F52-83E0-3801D3549C51}.Debug|x64.Build.0 = Debug|Any CPU
		{A39C4980-561D-4F52-83E0-3801D3549C51}.Debug|x86.ActiveCfg = Debug|Any CPU
		{A39C4980-561D-4F52-83E0-3801D3549C51}.Debug|x86.Build.0 = Debug|Any CPU
		{A39C4980-561D-4F52-83E0-3801D3549C51}.Release|Any CPU.ActiveCfg = Release|Any CPU
		{A39C4980-561D-4F52-83E0-3801D3549C51}.Release|Any CPU.Build.0 = Release|Any CPU
		{A39C4980-561D-4F52-83E0-3801D3549C51}.Release|x64.ActiveCfg = Release|Any CPU
		{A39C4980-561D-4F52-83E0-3801D3549C51}.Release|x64.Build.0 = Release|Any CPU
		{A39C4980-561D-4F52-83E0-3801D3549C51}.Release|x86.ActiveCfg = Release|Any CPU
		{A39C4980-561D-4F52-83E0-3801D3549C51}.Release|x86.Build.0 = Release|Any CPU
		{096FA163-486E-47D4-A686-125123D02B00}.Debug|Any CPU.ActiveCfg = Debug|Any CPU
		{096FA163-486E-47D4-A686-125123D02B00}.Debug|Any CPU.Build.0 = Debug|Any CPU
		{096FA163-486E-47D4-A686-125123D02B00}.Debug|x64.ActiveCfg = Debug|Any CPU
		{096FA163-486E-47D4-A686-125123D02B00}.Debug|x64.Build.0 = Debug|Any CPU
		{096FA163-486E-47D4-A686-125123D02B00}.Debug|x86.ActiveCfg = Debug|Any CPU
		{096FA163-486E-47D4-A686-125123D02B00}.Debug|x86.Build.0 = Debug|Any CPU
		{096FA163-486E-47D4-A686-125123D02B00}.Release|Any CPU.ActiveCfg = Release|Any CPU
		{096FA163-486E-47D4-A686-125123D02B00}.Release|Any CPU.Build.0 = Release|Any CPU
		{096FA163-486E-47D4-A686-125123D02B00}.Release|x64.ActiveCfg = Release|Any CPU
		{096FA163-486E-47D4-A686-125123D02B00}.Release|x64.Build.0 = Release|Any CPU
		{096FA163-486E-47D4-A686-125123D02B00}.Release|x86.ActiveCfg = Release|Any CPU
		{096FA163-486E-47D4-A686-125123D02B00}.Release|x86.Build.0 = Release|Any CPU
		{3EB65677-338D-4333-B5C7-5824CFBB1D29}.Debug|Any CPU.ActiveCfg = Debug|Any CPU
		{3EB65677-338D-4333-B5C7-5824CFBB1D29}.Debug|Any CPU.Build.0 = Debug|Any CPU
		{3EB65677-338D-4333-B5C7-5824CFBB1D29}.Debug|x64.ActiveCfg = Debug|Any CPU
		{3EB65677-338D-4333-B5C7-5824CFBB1D29}.Debug|x64.Build.0 = Debug|Any CPU
		{3EB65677-338D-4333-B5C7-5824CFBB1D29}.Debug|x86.ActiveCfg = Debug|Any CPU
		{3EB65677-338D-4333-B5C7-5824CFBB1D29}.Debug|x86.Build.0 = Debug|Any CPU
		{3EB65677-338D-4333-B5C7-5824CFBB1D29}.Release|Any CPU.ActiveCfg = Release|Any CPU
		{3EB65677-338D-4333-B5C7-5824CFBB1D29}.Release|Any CPU.Build.0 = Release|Any CPU
		{3EB65677-338D-4333-B5C7-5824CFBB1D29}.Release|x64.ActiveCfg = Release|Any CPU
		{3EB65677-338D-4333-B5C7-5824CFBB1D29}.Release|x64.Build.0 = Release|Any CPU
		{3EB65677-338D-4333-B5C7-5824CFBB1D29}.Release|x86.ActiveCfg = Release|Any CPU
		{3EB65677-338D-4333-B5C7-5824CFBB1D29}.Release|x86.Build.0 = Release|Any CPU
		{49638999-77B9-4F89-9C0B-75416B5E2157}.Debug|Any CPU.ActiveCfg = Debug|Any CPU
		{49638999-77B9-4F89-9C0B-75416B5E2157}.Debug|Any CPU.Build.0 = Debug|Any CPU
		{49638999-77B9-4F89-9C0B-75416B5E2157}.Debug|x64.ActiveCfg = Debug|Any CPU
		{49638999-77B9-4F89-9C0B-75416B5E2157}.Debug|x64.Build.0 = Debug|Any CPU
		{49638999-77B9-4F89-9C0B-75416B5E2157}.Debug|x86.ActiveCfg = Debug|Any CPU
		{49638999-77B9-4F89-9C0B-75416B5E2157}.Debug|x86.Build.0 = Debug|Any CPU
		{49638999-77B9-4F89-9C0B-75416B5E2157}.Release|Any CPU.ActiveCfg = Release|Any CPU
		{49638999-77B9-4F89-9C0B-75416B5E2157}.Release|Any CPU.Build.0 = Release|Any CPU
		{49638999-77B9-4F89-9C0B-75416B5E2157}.Release|x64.ActiveCfg = Release|Any CPU
		{49638999-77B9-4F89-9C0B-75416B5E2157}.Release|x64.Build.0 = Release|Any CPU
		{49638999-77B9-4F89-9C0B-75416B5E2157}.Release|x86.ActiveCfg = Release|Any CPU
		{49638999-77B9-4F89-9C0B-75416B5E2157}.Release|x86.Build.0 = Release|Any CPU
		{5DE368E1-4BCE-45BC-AAE2-0C800DCE4A50}.Debug|Any CPU.ActiveCfg = Debug|Any CPU
		{5DE368E1-4BCE-45BC-AAE2-0C800DCE4A50}.Debug|Any CPU.Build.0 = Debug|Any CPU
		{5DE368E1-4BCE-45BC-AAE2-0C800DCE4A50}.Debug|x64.ActiveCfg = Debug|Any CPU
		{5DE368E1-4BCE-45BC-AAE2-0C800DCE4A50}.Debug|x64.Build.0 = Debug|Any CPU
		{5DE368E1-4BCE-45BC-AAE2-0C800DCE4A50}.Debug|x86.ActiveCfg = Debug|Any CPU
		{5DE368E1-4BCE-45BC-AAE2-0C800DCE4A50}.Debug|x86.Build.0 = Debug|Any CPU
		{5DE368E1-4BCE-45BC-AAE2-0C800DCE4A50}.Release|Any CPU.ActiveCfg = Release|Any CPU
		{5DE368E1-4BCE-45BC-AAE2-0C800DCE4A50}.Release|Any CPU.Build.0 = Release|Any CPU
		{5DE368E1-4BCE-45BC-AAE2-0C800DCE4A50}.Release|x64.ActiveCfg = Release|Any CPU
		{5DE368E1-4BCE-45BC-AAE2-0C800DCE4A50}.Release|x64.Build.0 = Release|Any CPU
		{5DE368E1-4BCE-45BC-AAE2-0C800DCE4A50}.Release|x86.ActiveCfg = Release|Any CPU
		{5DE368E1-4BCE-45BC-AAE2-0C800DCE4A50}.Release|x86.Build.0 = Release|Any CPU
		{6F06AB73-8FDA-4036-BEB3-81075C603414}.Debug|Any CPU.ActiveCfg = Debug|Any CPU
		{6F06AB73-8FDA-4036-BEB3-81075C603414}.Debug|Any CPU.Build.0 = Debug|Any CPU
		{6F06AB73-8FDA-4036-BEB3-81075C603414}.Debug|x64.ActiveCfg = Debug|Any CPU
		{6F06AB73-8FDA-4036-BEB3-81075C603414}.Debug|x64.Build.0 = Debug|Any CPU
		{6F06AB73-8FDA-4036-BEB3-81075C603414}.Debug|x86.ActiveCfg = Debug|Any CPU
		{6F06AB73-8FDA-4036-BEB3-81075C603414}.Debug|x86.Build.0 = Debug|Any CPU
		{6F06AB73-8FDA-4036-BEB3-81075C603414}.Release|Any CPU.ActiveCfg = Release|Any CPU
		{6F06AB73-8FDA-4036-BEB3-81075C603414}.Release|Any CPU.Build.0 = Release|Any CPU
		{6F06AB73-8FDA-4036-BEB3-81075C603414}.Release|x64.ActiveCfg = Release|Any CPU
		{6F06AB73-8FDA-4036-BEB3-81075C603414}.Release|x64.Build.0 = Release|Any CPU
		{6F06AB73-8FDA-4036-BEB3-81075C603414}.Release|x86.ActiveCfg = Release|Any CPU
		{6F06AB73-8FDA-4036-BEB3-81075C603414}.Release|x86.Build.0 = Release|Any CPU
		{0EEB94C4-FE7B-4566-8F98-0877E20B641A}.Debug|Any CPU.ActiveCfg = Debug|Any CPU
		{0EEB94C4-FE7B-4566-8F98-0877E20B641A}.Debug|Any CPU.Build.0 = Debug|Any CPU
		{0EEB94C4-FE7B-4566-8F98-0877E20B641A}.Debug|x64.ActiveCfg = Debug|Any CPU
		{0EEB94C4-FE7B-4566-8F98-0877E20B641A}.Debug|x64.Build.0 = Debug|Any CPU
		{0EEB94C4-FE7B-4566-8F98-0877E20B641A}.Debug|x86.ActiveCfg = Debug|Any CPU
		{0EEB94C4-FE7B-4566-8F98-0877E20B641A}.Debug|x86.Build.0 = Debug|Any CPU
		{0EEB94C4-FE7B-4566-8F98-0877E20B641A}.Release|Any CPU.ActiveCfg = Release|Any CPU
		{0EEB94C4-FE7B-4566-8F98-0877E20B641A}.Release|Any CPU.Build.0 = Release|Any CPU
		{0EEB94C4-FE7B-4566-8F98-0877E20B641A}.Release|x64.ActiveCfg = Release|Any CPU
		{0EEB94C4-FE7B-4566-8F98-0877E20B641A}.Release|x64.Build.0 = Release|Any CPU
		{0EEB94C4-FE7B-4566-8F98-0877E20B641A}.Release|x86.ActiveCfg = Release|Any CPU
		{0EEB94C4-FE7B-4566-8F98-0877E20B641A}.Release|x86.Build.0 = Release|Any CPU
		{6B69CB5B-0662-44F4-A0A8-E6A1A349A2F0}.Debug|Any CPU.ActiveCfg = Debug|Any CPU
		{6B69CB5B-0662-44F4-A0A8-E6A1A349A2F0}.Debug|Any CPU.Build.0 = Debug|Any CPU
		{6B69CB5B-0662-44F4-A0A8-E6A1A349A2F0}.Debug|x64.ActiveCfg = Debug|Any CPU
		{6B69CB5B-0662-44F4-A0A8-E6A1A349A2F0}.Debug|x64.Build.0 = Debug|Any CPU
		{6B69CB5B-0662-44F4-A0A8-E6A1A349A2F0}.Debug|x86.ActiveCfg = Debug|Any CPU
		{6B69CB5B-0662-44F4-A0A8-E6A1A349A2F0}.Debug|x86.Build.0 = Debug|Any CPU
		{6B69CB5B-0662-44F4-A0A8-E6A1A349A2F0}.Release|Any CPU.ActiveCfg = Release|Any CPU
		{6B69CB5B-0662-44F4-A0A8-E6A1A349A2F0}.Release|Any CPU.Build.0 = Release|Any CPU
		{6B69CB5B-0662-44F4-A0A8-E6A1A349A2F0}.Release|x64.ActiveCfg = Release|Any CPU
		{6B69CB5B-0662-44F4-A0A8-E6A1A349A2F0}.Release|x64.Build.0 = Release|Any CPU
		{6B69CB5B-0662-44F4-A0A8-E6A1A349A2F0}.Release|x86.ActiveCfg = Release|Any CPU
		{6B69CB5B-0662-44F4-A0A8-E6A1A349A2F0}.Release|x86.Build.0 = Release|Any CPU
		{E97727DA-E90F-484A-849C-5FF931BEEF5A}.Debug|Any CPU.ActiveCfg = Debug|Any CPU
		{E97727DA-E90F-484A-849C-5FF931BEEF5A}.Debug|Any CPU.Build.0 = Debug|Any CPU
		{E97727DA-E90F-484A-849C-5FF931BEEF5A}.Debug|x64.ActiveCfg = Debug|Any CPU
		{E97727DA-E90F-484A-849C-5FF931BEEF5A}.Debug|x64.Build.0 = Debug|Any CPU
		{E97727DA-E90F-484A-849C-5FF931BEEF5A}.Debug|x86.ActiveCfg = Debug|Any CPU
		{E97727DA-E90F-484A-849C-5FF931BEEF5A}.Debug|x86.Build.0 = Debug|Any CPU
		{E97727DA-E90F-484A-849C-5FF931BEEF5A}.Release|Any CPU.ActiveCfg = Release|Any CPU
		{E97727DA-E90F-484A-849C-5FF931BEEF5A}.Release|Any CPU.Build.0 = Release|Any CPU
		{E97727DA-E90F-484A-849C-5FF931BEEF5A}.Release|x64.ActiveCfg = Release|Any CPU
		{E97727DA-E90F-484A-849C-5FF931BEEF5A}.Release|x64.Build.0 = Release|Any CPU
		{E97727DA-E90F-484A-849C-5FF931BEEF5A}.Release|x86.ActiveCfg = Release|Any CPU
		{E97727DA-E90F-484A-849C-5FF931BEEF5A}.Release|x86.Build.0 = Release|Any CPU
		{3895BDF4-947B-403A-8EDE-D746955C28BA}.Debug|Any CPU.ActiveCfg = Debug|Any CPU
		{3895BDF4-947B-403A-8EDE-D746955C28BA}.Debug|Any CPU.Build.0 = Debug|Any CPU
		{3895BDF4-947B-403A-8EDE-D746955C28BA}.Debug|x64.ActiveCfg = Debug|Any CPU
		{3895BDF4-947B-403A-8EDE-D746955C28BA}.Debug|x64.Build.0 = Debug|Any CPU
		{3895BDF4-947B-403A-8EDE-D746955C28BA}.Debug|x86.ActiveCfg = Debug|Any CPU
		{3895BDF4-947B-403A-8EDE-D746955C28BA}.Debug|x86.Build.0 = Debug|Any CPU
		{3895BDF4-947B-403A-8EDE-D746955C28BA}.Release|Any CPU.ActiveCfg = Release|Any CPU
		{3895BDF4-947B-403A-8EDE-D746955C28BA}.Release|Any CPU.Build.0 = Release|Any CPU
		{3895BDF4-947B-403A-8EDE-D746955C28BA}.Release|x64.ActiveCfg = Release|Any CPU
		{3895BDF4-947B-403A-8EDE-D746955C28BA}.Release|x64.Build.0 = Release|Any CPU
		{3895BDF4-947B-403A-8EDE-D746955C28BA}.Release|x86.ActiveCfg = Release|Any CPU
		{3895BDF4-947B-403A-8EDE-D746955C28BA}.Release|x86.Build.0 = Release|Any CPU
		{D65AC58A-C05F-4C18-9F36-5CFB3006D2E5}.Debug|Any CPU.ActiveCfg = Debug|Any CPU
		{D65AC58A-C05F-4C18-9F36-5CFB3006D2E5}.Debug|Any CPU.Build.0 = Debug|Any CPU
		{D65AC58A-C05F-4C18-9F36-5CFB3006D2E5}.Debug|x64.ActiveCfg = Debug|Any CPU
		{D65AC58A-C05F-4C18-9F36-5CFB3006D2E5}.Debug|x64.Build.0 = Debug|Any CPU
		{D65AC58A-C05F-4C18-9F36-5CFB3006D2E5}.Debug|x86.ActiveCfg = Debug|Any CPU
		{D65AC58A-C05F-4C18-9F36-5CFB3006D2E5}.Debug|x86.Build.0 = Debug|Any CPU
		{D65AC58A-C05F-4C18-9F36-5CFB3006D2E5}.Release|Any CPU.ActiveCfg = Release|Any CPU
		{D65AC58A-C05F-4C18-9F36-5CFB3006D2E5}.Release|Any CPU.Build.0 = Release|Any CPU
		{D65AC58A-C05F-4C18-9F36-5CFB3006D2E5}.Release|x64.ActiveCfg = Release|Any CPU
		{D65AC58A-C05F-4C18-9F36-5CFB3006D2E5}.Release|x64.Build.0 = Release|Any CPU
		{D65AC58A-C05F-4C18-9F36-5CFB3006D2E5}.Release|x86.ActiveCfg = Release|Any CPU
		{D65AC58A-C05F-4C18-9F36-5CFB3006D2E5}.Release|x86.Build.0 = Release|Any CPU
		{F96C2B76-316F-4A9D-814C-82CD6E27F2A6}.Debug|Any CPU.ActiveCfg = Debug|Any CPU
		{F96C2B76-316F-4A9D-814C-82CD6E27F2A6}.Debug|Any CPU.Build.0 = Debug|Any CPU
		{F96C2B76-316F-4A9D-814C-82CD6E27F2A6}.Debug|x64.ActiveCfg = Debug|Any CPU
		{F96C2B76-316F-4A9D-814C-82CD6E27F2A6}.Debug|x64.Build.0 = Debug|Any CPU
		{F96C2B76-316F-4A9D-814C-82CD6E27F2A6}.Debug|x86.ActiveCfg = Debug|Any CPU
		{F96C2B76-316F-4A9D-814C-82CD6E27F2A6}.Debug|x86.Build.0 = Debug|Any CPU
		{F96C2B76-316F-4A9D-814C-82CD6E27F2A6}.Release|Any CPU.ActiveCfg = Release|Any CPU
		{F96C2B76-316F-4A9D-814C-82CD6E27F2A6}.Release|Any CPU.Build.0 = Release|Any CPU
		{F96C2B76-316F-4A9D-814C-82CD6E27F2A6}.Release|x64.ActiveCfg = Release|Any CPU
		{F96C2B76-316F-4A9D-814C-82CD6E27F2A6}.Release|x64.Build.0 = Release|Any CPU
		{F96C2B76-316F-4A9D-814C-82CD6E27F2A6}.Release|x86.ActiveCfg = Release|Any CPU
		{F96C2B76-316F-4A9D-814C-82CD6E27F2A6}.Release|x86.Build.0 = Release|Any CPU
		{026F4154-3B16-49BC-A536-6FA95D97D277}.Debug|Any CPU.ActiveCfg = Debug|Any CPU
		{026F4154-3B16-49BC-A536-6FA95D97D277}.Debug|Any CPU.Build.0 = Debug|Any CPU
		{026F4154-3B16-49BC-A536-6FA95D97D277}.Debug|x64.ActiveCfg = Debug|Any CPU
		{026F4154-3B16-49BC-A536-6FA95D97D277}.Debug|x64.Build.0 = Debug|Any CPU
		{026F4154-3B16-49BC-A536-6FA95D97D277}.Debug|x86.ActiveCfg = Debug|Any CPU
		{026F4154-3B16-49BC-A536-6FA95D97D277}.Debug|x86.Build.0 = Debug|Any CPU
		{026F4154-3B16-49BC-A536-6FA95D97D277}.Release|Any CPU.ActiveCfg = Release|Any CPU
		{026F4154-3B16-49BC-A536-6FA95D97D277}.Release|Any CPU.Build.0 = Release|Any CPU
		{026F4154-3B16-49BC-A536-6FA95D97D277}.Release|x64.ActiveCfg = Release|Any CPU
		{026F4154-3B16-49BC-A536-6FA95D97D277}.Release|x64.Build.0 = Release|Any CPU
		{026F4154-3B16-49BC-A536-6FA95D97D277}.Release|x86.ActiveCfg = Release|Any CPU
		{026F4154-3B16-49BC-A536-6FA95D97D277}.Release|x86.Build.0 = Release|Any CPU
	EndGlobalSection
EndGlobal
